
Microsoft Visual Studio Solution File, Format Version 12.00
# Visual Studio Version 17
VisualStudioVersion = 17.3.32901.215
MinimumVisualStudioVersion = 10.0.40219.1
Project("{2150E333-8FDC-42A3-9474-1A3956D46DE8}") = "src", "src", "{BB76A0B0-953A-4A0C-82B3-84994656BF34}"
EndProject
Project("{9A19103F-16F7-4668-BE54-9A1E7A4F7556}") = "Frontend", "src\Frontend\Frontend.csproj", "{E6CFF591-38E4-475A-ABC9-DFCEC1508048}"
EndProject
Project("{9A19103F-16F7-4668-BE54-9A1E7A4F7556}") = "QuoteApi", "src\QuoteApi\QuoteApi.csproj", "{2A38BFA8-914A-4BAD-9F69-45D5FBF68DCC}"
EndProject
Project("{9A19103F-16F7-4668-BE54-9A1E7A4F7556}") = "SharedLib", "src\SharedLib\SharedLib.csproj", "{57FF60A4-CAAF-43F0-AB0E-8AF192A0FC98}"
EndProject
Global
	GlobalSection(SolutionConfigurationPlatforms) = preSolution
		Debug|Any CPU = Debug|Any CPU
		Release|Any CPU = Release|Any CPU
	EndGlobalSection
	GlobalSection(ProjectConfigurationPlatforms) = postSolution
		{E6CFF591-38E4-475A-ABC9-DFCEC1508048}.Debug|Any CPU.ActiveCfg = Debug|Any CPU
		{E6CFF591-38E4-475A-ABC9-DFCEC1508048}.Debug|Any CPU.Build.0 = Debug|Any CPU
		{E6CFF591-38E4-475A-ABC9-DFCEC1508048}.Release|Any CPU.ActiveCfg = Release|Any CPU
		{E6CFF591-38E4-475A-ABC9-DFCEC1508048}.Release|Any CPU.Build.0 = Release|Any CPU
		{2A38BFA8-914A-4BAD-9F69-45D5FBF68DCC}.Debug|Any CPU.ActiveCfg = Debug|Any CPU
		{2A38BFA8-914A-4BAD-9F69-45D5FBF68DCC}.Debug|Any CPU.Build.0 = Debug|Any CPU
		{2A38BFA8-914A-4BAD-9F69-45D5FBF68DCC}.Release|Any CPU.ActiveCfg = Release|Any CPU
		{2A38BFA8-914A-4BAD-9F69-45D5FBF68DCC}.Release|Any CPU.Build.0 = Release|Any CPU
		{57FF60A4-CAAF-43F0-AB0E-8AF192A0FC98}.Debug|Any CPU.ActiveCfg = Debug|Any CPU
		{57FF60A4-CAAF-43F0-AB0E-8AF192A0FC98}.Debug|Any CPU.Build.0 = Debug|Any CPU
		{57FF60A4-CAAF-43F0-AB0E-8AF192A0FC98}.Release|Any CPU.ActiveCfg = Release|Any CPU
		{57FF60A4-CAAF-43F0-AB0E-8AF192A0FC98}.Release|Any CPU.Build.0 = Release|Any CPU
	EndGlobalSection
	GlobalSection(SolutionProperties) = preSolution
		HideSolutionNode = FALSE
	EndGlobalSection
	GlobalSection(NestedProjects) = preSolution
		{E6CFF591-38E4-475A-ABC9-DFCEC1508048} = {BB76A0B0-953A-4A0C-82B3-84994656BF34}
		{2A38BFA8-914A-4BAD-9F69-45D5FBF68DCC} = {BB76A0B0-953A-4A0C-82B3-84994656BF34}
		{57FF60A4-CAAF-43F0-AB0E-8AF192A0FC98} = {BB76A0B0-953A-4A0C-82B3-84994656BF34}
	EndGlobalSection
	GlobalSection(ExtensibilityGlobals) = postSolution
		SolutionGuid = {A32F34D8-38F3-4F85-86DC-F62B2D957225}
	EndGlobalSection
EndGlobal
